
Microsoft Visual Studio Solution File, Format Version 12.00
# Visual Studio Version 17
VisualStudioVersion = 17.6.33829.357
MinimumVisualStudioVersion = 10.0.40219.1
Project("{FAE04EC0-301F-11D3-BF4B-00C04F79EFBC}") = "InventoryApp", "InventoryApp\InventoryApp.csproj", "{AEC72B99-1278-4FDB-B039-5ED2AEA53F40}"
EndProject
Global
	GlobalSection(SolutionConfigurationPlatforms) = preSolution
		Debug|Any CPU = Debug|Any CPU
		Release|Any CPU = Release|Any CPU
	EndGlobalSection
	GlobalSection(ProjectConfigurationPlatforms) = postSolution
		{AEC72B99-1278-4FDB-B039-5ED2AEA53F40}.Debug|Any CPU.ActiveCfg = Debug|Any CPU
		{AEC72B99-1278-4FDB-B039-5ED2AEA53F40}.Debug|Any CPU.Build.0 = Debug|Any CPU
		{AEC72B99-1278-4FDB-B039-5ED2AEA53F40}.Release|Any CPU.ActiveCfg = Release|Any CPU
		{AEC72B99-1278-4FDB-B039-5ED2AEA53F40}.Release|Any CPU.Build.0 = Release|Any CPU
	EndGlobalSection
	GlobalSection(SolutionProperties) = preSolution
		HideSolutionNode = FALSE
	EndGlobalSection
	GlobalSection(ExtensibilityGlobals) = postSolution
		SolutionGuid = {05ADF59F-E6DA-4B4A-8F77-CA0A1E8EFADD}
	EndGlobalSection
EndGlobal
